
Microsoft Visual Studio Solution File, Format Version 12.00
# Visual Studio Version 17
VisualStudioVersion = 17.13.35723.152 d17.13
MinimumVisualStudioVersion = 10.0.40219.1
Project("{FAE04EC0-301F-11D3-BF4B-00C04F79EFBC}") = "GroceryList", "GroceryList\GroceryList.csproj", "{586E8F04-BE82-4262-ACE7-6A966DA018CB}"
EndProject
Global
	GlobalSection(SolutionConfigurationPlatforms) = preSolution
		Debug|Any CPU = Debug|Any CPU
		Release|Any CPU = Release|Any CPU
	EndGlobalSection
	GlobalSection(ProjectConfigurationPlatforms) = postSolution
		{586E8F04-BE82-4262-ACE7-6A966DA018CB}.Debug|Any CPU.ActiveCfg = Debug|Any CPU
		{586E8F04-BE82-4262-ACE7-6A966DA018CB}.Debug|Any CPU.Build.0 = Debug|Any CPU
		{586E8F04-BE82-4262-ACE7-6A966DA018CB}.Release|Any CPU.ActiveCfg = Release|Any CPU
		{586E8F04-BE82-4262-ACE7-6A966DA018CB}.Release|Any CPU.Build.0 = Release|Any CPU
	EndGlobalSection
	GlobalSection(SolutionProperties) = preSolution
		HideSolutionNode = FALSE
	EndGlobalSection
	GlobalSection(ExtensibilityGlobals) = postSolution
		SolutionGuid = {2115A88E-7D2C-4049-BEDF-89565AE8D68C}
	EndGlobalSection
EndGlobal
